
Microsoft Visual Studio Solution File, Format Version 12.00
# Visual Studio 15
VisualStudioVersion = 15.0.28307.1022
MinimumVisualStudioVersion = 10.0.40219.1
Project("{FAE04EC0-301F-11D3-BF4B-00C04F79EFBC}") = "Projeto-Teste", "Projeto-Teste\Projeto-Teste.csproj", "{206D0326-5762-47F4-ABC2-1890AA538F32}"
EndProject
Global
	GlobalSection(SolutionConfigurationPlatforms) = preSolution
		Debug|Any CPU = Debug|Any CPU
		Release|Any CPU = Release|Any CPU
	EndGlobalSection
	GlobalSection(ProjectConfigurationPlatforms) = postSolution
		{206D0326-5762-47F4-ABC2-1890AA538F32}.Debug|Any CPU.ActiveCfg = Debug|Any CPU
		{206D0326-5762-47F4-ABC2-1890AA538F32}.Debug|Any CPU.Build.0 = Debug|Any CPU
		{206D0326-5762-47F4-ABC2-1890AA538F32}.Release|Any CPU.ActiveCfg = Release|Any CPU
		{206D0326-5762-47F4-ABC2-1890AA538F32}.Release|Any CPU.Build.0 = Release|Any CPU
	EndGlobalSection
	GlobalSection(SolutionProperties) = preSolution
		HideSolutionNode = FALSE
	EndGlobalSection
	GlobalSection(ExtensibilityGlobals) = postSolution
		SolutionGuid = {28FF02D3-58AA-4772-8635-56A830F97044}
	EndGlobalSection
EndGlobal
